{
  "originHash" : "acfcc56976a52b5f893dc939f7f384e1a559cfe7d98aefd2fe78f79ef103aaa9",
  "pins" : [
    {
      "identity" : "ios-maps-sdk",
      "kind" : "remoteSourceControl",
      "location" : "https://github.com/googlemaps/ios-maps-sdk",
      "state" : {
        "revision" : "bb35529d3660739497b35d5de53dc7e6c5942198",
        "version" : "11.1.0"
      }
    }
  ],
  "version" : 3
}
